
Microsoft Visual Studio Solution File, Format Version 12.00
# Visual Studio 15
VisualStudioVersion = 15.0.28010.2050
MinimumVisualStudioVersion = 10.0.40219.1
Project("{FAE04EC0-301F-11D3-BF4B-00C04F79EFBC}") = "Homework6", "Homework6\Homework6.csproj", "{F861A914-90D3-48AA-A8F4-429DE8AF0D93}"
EndProject
Global
	GlobalSection(SolutionConfigurationPlatforms) = preSolution
		Debug|Any CPU = Debug|Any CPU
		Release|Any CPU = Release|Any CPU
	EndGlobalSection
	GlobalSection(ProjectConfigurationPlatforms) = postSolution
		{F861A914-90D3-48AA-A8F4-429DE8AF0D93}.Debug|Any CPU.ActiveCfg = Debug|Any CPU
		{F861A914-90D3-48AA-A8F4-429DE8AF0D93}.Debug|Any CPU.Build.0 = Debug|Any CPU
		{F861A914-90D3-48AA-A8F4-429DE8AF0D93}.Release|Any CPU.ActiveCfg = Release|Any CPU
		{F861A914-90D3-48AA-A8F4-429DE8AF0D93}.Release|Any CPU.Build.0 = Release|Any CPU
	EndGlobalSection
	GlobalSection(SolutionProperties) = preSolution
		HideSolutionNode = FALSE
	EndGlobalSection
	GlobalSection(ExtensibilityGlobals) = postSolution
		SolutionGuid = {23A06379-86D9-4F26-962D-31C4CCDD8A95}
	EndGlobalSection
EndGlobal
